// !$*UTF8*$!
{
	archiveVersion = 1;
	classes = {
	};
	objectVersion = 46;
	objects = {

/* Begin PBXBuildFile section */
		7B68AE081C33F35E00F5CA13 /* AppDelegate.swift in Sources */ = {isa = PBXBuildFile; fileRef = 7B68AE071C33F35E00F5CA13 /* AppDelegate.swift */; };
		7B68AE0F1C33F35E00F5CA13 /* Assets.xcassets in Resources */ = {isa = PBXBuildFile; fileRef = 7B68AE0E1C33F35E00F5CA13 /* Assets.xcassets */; };
		7B68AE121C33F35E00F5CA13 /* LaunchScreen.storyboard in Resources */ = {isa = PBXBuildFile; fileRef = 7B68AE101C33F35E00F5CA13 /* LaunchScreen.storyboard */; };
		7B68AE1C1C33F39B00F5CA13 /* MainViewController.swift in Sources */ = {isa = PBXBuildFile; fileRef = 7B68AE1A1C33F39B00F5CA13 /* MainViewController.swift */; };
		7B68AE1D1C33F39B00F5CA13 /* MainViewController.xib in Resources */ = {isa = PBXBuildFile; fileRef = 7B68AE1B1C33F39B00F5CA13 /* MainViewController.xib */; };
/* End PBXBuildFile section */

/* Begin PBXFileReference section */
		7B68AE041C33F35E00F5CA13 /* GressTheNum.app */ = {isa = PBXFileReference; explicitFileType = wrapper.application; includeInIndex = 0; path = GressTheNum.app; sourceTree = BUILT_PRODUCTS_DIR; };
		7B68AE071C33F35E00F5CA13 /* AppDelegate.swift */ = {isa = PBXFileReference; lastKnownFileType = sourcecode.swift; path = AppDelegate.swift; sourceTree = "<group>"; };
		7B68AE0E1C33F35E00F5CA13 /* Assets.xcassets */ = {isa = PBXFileReference; lastKnownFileType = folder.assetcatalog; path = Assets.xcassets; sourceTree = "<group>"; };
		7B68AE111C33F35E00F5CA13 /* Base */ = {isa = PBXFileReference; lastKnownFileType = file.storyboard; name = Base; path = Base.lproj/LaunchScreen.storyboard; sourceTree = "<group>"; };
		7B68AE131C33F35E00F5CA13 /* Info.plist */ = {isa = PBXFileReference; lastKnownFileType = text.plist.xml; path = Info.plist; sourceTree = "<group>"; };
		7B68AE1A1C33F39B00F5CA13 /* MainViewController.swift */ = {isa = PBXFileReference; fileEncoding = 4; lastKnownFileType = sourcecode.swift; path = MainViewController.swift; sourceTree = "<group>"; };
		7B68AE1B1C33F39B00F5CA13 /* MainViewController.xib */ = {isa = PBXFileReference; fileEncoding = 4; lastKnownFileType = file.xib; path = MainViewController.xib; sourceTree = "<group>"; };
		7B68AE1E1C33F57400F5CA13 /* HVD_Comic_Serif_Pro.otf */ = {isa = PBXFileReference; lastKnownFileType = file; path = HVD_Comic_Serif_Pro.otf; sourceTree = "<group>"; };
/* End PBXFileReference section */

/* Begin PBXFrameworksBuildPhase section */
		7B68AE011C33F35E00F5CA13 /* Frameworks */ = {
			isa = PBXFrameworksBuildPhase;
			buildActionMask = 2147483647;
			files = (
			);
			runOnlyForDeploymentPostprocessing = 0;
		};
/* End PBXFrameworksBuildPhase section */

/* Begin PBXGroup section */
		7B68ADFB1C33F35E00F5CA13 = {
			isa = PBXGroup;
			children = (
				7B68AE061C33F35E00F5CA13 /* GressTheNum */,
				7B68AE051C33F35E00F5CA13 /* Products */,
			);
			sourceTree = "<group>";
		};
		7B68AE051C33F35E00F5CA13 /* Products */ = {
			isa = PBXGroup;
			children = (
				7B68AE041C33F35E00F5CA13 /* GressTheNum.app */,
			);
			name = Products;
			sourceTree = "<group>";
		};
		7B68AE061C33F35E00F5CA13 /* GressTheNum */ = {
			isa = PBXGroup;
			children = (
				7B68AE071C33F35E00F5CA13 /* AppDelegate.swift */,
				7B68AE0E1C33F35E00F5CA13 /* Assets.xcassets */,
				7B68AE101C33F35E00F5CA13 /* LaunchScreen.storyboard */,
				7B68AE131C33F35E00F5CA13 /* Info.plist */,
				7B68AE1A1C33F39B00F5CA13 /* MainViewController.swift */,
				7B68AE1B1C33F39B00F5CA13 /* MainViewController.xib */,
				7B68AE1E1C33F57400F5CA13 /* HVD_Comic_Serif_Pro.otf */,
			);
			path = GressTheNum;
			sourceTree = "<group>";
		};
/* End PBXGroup section */

/* Begin PBXNativeTarget section */
		7B68AE031C33F35E00F5CA13 /* GressTheNum */ = {
			isa = PBXNativeTarget;
			buildConfigurationList = 7B68AE161C33F35E00F5CA13 /* Build configuration list for PBXNativeTarget "GressTheNum" */;
			buildPhases = (
				7B68AE001C33F35E00F5CA13 /* Sources */,
				7B68AE011C33F35E00F5CA13 /* Frameworks */,
				7B68AE021C33F35E00F5CA13 /* Resources */,
			);
			buildRules = (
			);
			dependencies = (
			);
			name = GressTheNum;
			productName = GressTheNum;
			productReference = 7B68AE041C33F35E00F5CA13 /* GressTheNum.app */;
			productType = "com.apple.product-type.application";
		};
/* End PBXNativeTarget section */

/* Begin PBXProject section */
		7B68ADFC1C33F35E00F5CA13 /* Project object */ = {
			isa = PBXProject;
			attributes = {
				LastSwiftUpdateCheck = 0710;
				LastUpgradeCheck = 0710;
				ORGANIZATIONNAME = "刘旭东";
				TargetAttributes = {
					7B68AE031C33F35E00F5CA13 = {
						CreatedOnToolsVersion = 7.1;
						DevelopmentTeam = M472G395VP;
					};
				};
			};
			buildConfigurationList = 7B68ADFF1C33F35E00F5CA13 /* Build configuration list for PBXProject "GressTheNum" */;
			compatibilityVersion = "Xcode 3.2";
			developmentRegion = English;
			hasScannedForEncodings = 0;
			knownRegions = (
				en,
				Base,
			);
			mainGroup = 7B68ADFB1C33F35E00F5CA13;
			productRefGroup = 7B68AE051C33F35E00F5CA13 /* Products */;
			projectDirPath = "";
			projectRoot = "";
			targets = (
				7B68AE031C33F35E00F5CA13 /* GressTheNum */,
			);
		};
/* End PBXProject section */

/* Begin PBXResourcesBuildPhase section */
		7B68AE021C33F35E00F5CA13 /* Resources */ = {
			isa = PBXResourcesBuildPhase;
			buildActionMask = 2147483647;
			files = (
				7B68AE121C33F35E00F5CA13 /* LaunchScreen.storyboard in Resources */,
				7B68AE1D1C33F39B00F5CA13 /* MainViewController.xib in Resources */,
				7B68AE0F1C33F35E00F5CA13 /* Assets.xcassets in Resources */,
			);
			runOnlyForDeploymentPostprocessing = 0;
		};
/* End PBXResourcesBuildPhase section */

/* Begin PBXSourcesBuildPhase section */
		7B68AE001C33F35E00F5CA13 /* Sources */ = {
			isa = PBXSourcesBuildPhase;
			buildActionMask = 2147483647;
			files = (
				7B68AE081C33F35E00F5CA13 /* AppDelegate.swift in Sources */,
				7B68AE1C1C33F39B00F5CA13 /* MainViewController.swift in Sources */,
			);
			runOnlyForDeploymentPostprocessing = 0;
		};
/* End PBXSourcesBuildPhase section */

/* Begin PBXVariantGroup section */
		7B68AE101C33F35E00F5CA13 /* LaunchScreen.storyboard */ = {
			isa = PBXVariantGroup;
			children = (
				7B68AE111C33F35E00F5CA13 /* Base */,
			);
			name = LaunchScreen.storyboard;
			sourceTree = "<group>";
		};
/* End PBXVariantGroup section */

/* Begin XCBuildConfiguration section */
		7B68AE141C33F35E00F5CA13 /* Debug */ = {
			isa = XCBuildConfiguration;
			buildSettings = {
				ALWAYS_SEARCH_USER_PATHS = NO;
				CLANG_CXX_LANGUAGE_STANDARD = "gnu++0x";
				CLANG_CXX_LIBRARY = "libc++";
				CLANG_ENABLE_MODULES = YES;
				CLANG_ENABLE_OBJC_ARC = YES;
				CLANG_WARN_BOOL_CONVERSION = YES;
				CLANG_WARN_CONSTANT_CONVERSION = YES;
				CLANG_WARN_DIRECT_OBJC_ISA_USAGE = YES_ERROR;
				CLANG_WARN_EMPTY_BODY = YES;
				CLANG_WARN_ENUM_CONVERSION = YES;
				CLANG_WARN_INT_CONVERSION = YES;
				CLANG_WARN_OBJC_ROOT_CLASS = YES_ERROR;
				CLANG_WARN_UNREACHABLE_CODE = YES;
				CLANG_WARN__DUPLICATE_METHOD_MATCH = YES;
				"CODE_SIGN_IDENTITY[sdk=iphoneos*]" = "iPhone Developer";
				COPY_PHASE_STRIP = NO;
				DEBUG_INFORMATION_FORMAT = dwarf;
				ENABLE_STRICT_OBJC_MSGSEND = YES;
				ENABLE_TESTABILITY = YES;
				GCC_C_LANGUAGE_STANDARD = gnu99;
				GCC_DYNAMIC_NO_PIC = NO;
				GCC_NO_COMMON_BLOCKS = YES;
				GCC_OPTIMIZATION_LEVEL = 0;
				GCC_PREPROCESSOR_DEFINITIONS = (
					"DEBUG=1",
					"$(inherited)",
				);
				GCC_WARN_64_TO_32_BIT_CONVERSION = YES;
				GCC_WARN_ABOUT_RETURN_TYPE = YES_ERROR;
				GCC_WARN_UNDECLARED_SELECTOR = YES;
				GCC_WARN_UNINITIALIZED_AUTOS = YES_AGGRESSIVE;
				GCC_WARN_UNUSED_FUNCTION = YES;
				GCC_WARN_UNUSED_VARIABLE = YES;
				IPHONEOS_DEPLOYMENT_TARGET = 9.1;
				MTL_ENABLE_DEBUG_INFO = YES;
				ONLY_ACTIVE_ARCH = YES;
				SDKROOT = iphoneos;
				SWIFT_OPTIMIZATION_LEVEL = "-Onone";
			};
			name = Debug;
		};
		7B68AE151C33F35E00F5CA13 /* Release */ = {
			isa = XCBuildConfiguration;
			buildSettings = {
				ALWAYS_SEARCH_USER_PATHS = NO;
				CLANG_CXX_LANGUAGE_STANDARD = "gnu++0x";
				CLANG_CXX_LIBRARY = "libc++";
				CLANG_ENABLE_MODULES = YES;
				CLANG_ENABLE_OBJC_ARC = YES;
				CLANG_WARN_BOOL_CONVERSION = YES;
				CLANG_WARN_CONSTANT_CONVERSION = YES;
				CLANG_WARN_DIRECT_OBJC_ISA_USAGE = YES_ERROR;
				CLANG_WARN_EMPTY_BODY = YES;
				CLANG_WARN_ENUM_CONVERSION = YES;
				CLANG_WARN_INT_CONVERSION = YES;
				CLANG_WARN_OBJC_ROOT_CLASS = YES_ERROR;
				CLANG_WARN_UNREACHABLE_CODE = YES;
				CLANG_WARN__DUPLICATE_METHOD_MATCH = YES;
				"CODE_SIGN_IDENTITY[sdk=iphoneos*]" = "iPhone Developer";
				COPY_PHASE_STRIP = NO;
				DEBUG_INFORMATION_FORMAT = "dwarf-with-dsym";
				ENABLE_NS_ASSERTIONS = NO;
				ENABLE_STRICT_OBJC_MSGSEND = YES;
				GCC_C_LANGUAGE_STANDARD = gnu99;
				GCC_NO_COMMON_BLOCKS = YES;
				GCC_WARN_64_TO_32_BIT_CONVERSION = YES;
				GCC_WARN_ABOUT_RETURN_TYPE = YES_ERROR;
				GCC_WARN_UNDECLARED_SELECTOR = YES;
				GCC_WARN_UNINITIALIZED_AUTOS = YES_AGGRESSIVE;
				GCC_WARN_UNUSED_FUNCTION = YES;
				GCC_WARN_UNUSED_VARIABLE = YES;
				IPHONEOS_DEPLOYMENT_TARGET = 9.1;
				MTL_ENABLE_DEBUG_INFO = NO;
				SDKROOT = iphoneos;
				VALIDATE_PRODUCT = YES;
			};
			name = Release;
		};
		7B68AE171C33F35E00F5CA13 /* Debug */ = {
			isa = XCBuildConfiguration;
			buildSettings = {
				ASSETCATALOG_COMPILER_APPICON_NAME = AppIcon;
				INFOPLIST_FILE = GressTheNum/Info.plist;
				LD_RUNPATH_SEARCH_PATHS = "$(inherited) @executable_path/Frameworks";
				PRODUCT_BUNDLE_IDENTIFIER = BigabilityLiu.GressTheNum;
				PRODUCT_NAME = "$(TARGET_NAME)";
			};
			name = Debug;
		};
		7B68AE181C33F35E00F5CA13 /* Release */ = {
			isa = XCBuildConfiguration;
			buildSettings = {
				ASSETCATALOG_COMPILER_APPICON_NAME = AppIcon;
				INFOPLIST_FILE = GressTheNum/Info.plist;
				LD_RUNPATH_SEARCH_PATHS = "$(inherited) @executable_path/Frameworks";
				PRODUCT_BUNDLE_IDENTIFIER = BigabilityLiu.GressTheNum;
				PRODUCT_NAME = "$(TARGET_NAME)";
			};
			name = Release;
		};
/* End XCBuildConfiguration section */

/* Begin XCConfigurationList section */
		7B68ADFF1C33F35E00F5CA13 /* Build configuration list for PBXProject "GressTheNum" */ = {
			isa = XCConfigurationList;
			buildConfigurations = (
				7B68AE141C33F35E00F5CA13 /* Debug */,
				7B68AE151C33F35E00F5CA13 /* Release */,
			);
			defaultConfigurationIsVisible = 0;
			defaultConfigurationName = Release;
		};
		7B68AE161C33F35E00F5CA13 /* Build configuration list for PBXNativeTarget "GressTheNum" */ = {
			isa = XCConfigurationList;
			buildConfigurations = (
				7B68AE171C33F35E00F5CA13 /* Debug */,
				7B68AE181C33F35E00F5CA13 /* Release */,
			);
			defaultConfigurationIsVisible = 0;
		};
/* End XCConfigurationList section */
	};
	rootObject = 7B68ADFC1C33F35E00F5CA13 /* Project object */;
}
