// !$*UTF8*$!
{
	archiveVersion = 1;
	classes = {
	};
	objectVersion = 46;
	objects = {

/* Begin PBXBuildFile section */
		7B65ABF31BDB380000024117 /* AppDelegate.swift in Sources */ = {isa = PBXBuildFile; fileRef = 7B65ABF21BDB380000024117 /* AppDelegate.swift */; };
		7B65ABF51BDB380000024117 /* ViewController.swift in Sources */ = {isa = PBXBuildFile; fileRef = 7B65ABF41BDB380000024117 /* ViewController.swift */; };
		7B65ABF81BDB380000024117 /* Main.storyboard in Resources */ = {isa = PBXBuildFile; fileRef = 7B65ABF61BDB380000024117 /* Main.storyboard */; };
		7B65ABFA1BDB380000024117 /* Assets.xcassets in Resources */ = {isa = PBXBuildFile; fileRef = 7B65ABF91BDB380000024117 /* Assets.xcassets */; };
		7B65ABFD1BDB380000024117 /* LaunchScreen.storyboard in Resources */ = {isa = PBXBuildFile; fileRef = 7B65ABFB1BDB380000024117 /* LaunchScreen.storyboard */; };
		7B65AC081BDB380000024117 /* _024Tests.swift in Sources */ = {isa = PBXBuildFile; fileRef = 7B65AC071BDB380000024117 /* _024Tests.swift */; };
		7B65AC131BDB380000024117 /* _024UITests.swift in Sources */ = {isa = PBXBuildFile; fileRef = 7B65AC121BDB380000024117 /* _024UITests.swift */; };
/* End PBXBuildFile section */

/* Begin PBXContainerItemProxy section */
		7B65AC041BDB380000024117 /* PBXContainerItemProxy */ = {
			isa = PBXContainerItemProxy;
			containerPortal = 7B65ABE71BDB380000024117 /* Project object */;
			proxyType = 1;
			remoteGlobalIDString = 7B65ABEE1BDB380000024117;
			remoteInfo = 1024;
		};
		7B65AC0F1BDB380000024117 /* PBXContainerItemProxy */ = {
			isa = PBXContainerItemProxy;
			containerPortal = 7B65ABE71BDB380000024117 /* Project object */;
			proxyType = 1;
			remoteGlobalIDString = 7B65ABEE1BDB380000024117;
			remoteInfo = 1024;
		};
/* End PBXContainerItemProxy section */

/* Begin PBXFileReference section */
		7B65ABEF1BDB380000024117 /* 1024.app */ = {isa = PBXFileReference; explicitFileType = wrapper.application; includeInIndex = 0; path = 1024.app; sourceTree = BUILT_PRODUCTS_DIR; };
		7B65ABF21BDB380000024117 /* AppDelegate.swift */ = {isa = PBXFileReference; lastKnownFileType = sourcecode.swift; path = AppDelegate.swift; sourceTree = "<group>"; };
		7B65ABF41BDB380000024117 /* ViewController.swift */ = {isa = PBXFileReference; lastKnownFileType = sourcecode.swift; path = ViewController.swift; sourceTree = "<group>"; };
		7B65ABF71BDB380000024117 /* Base */ = {isa = PBXFileReference; lastKnownFileType = file.storyboard; name = Base; path = Base.lproj/Main.storyboard; sourceTree = "<group>"; };
		7B65ABF91BDB380000024117 /* Assets.xcassets */ = {isa = PBXFileReference; lastKnownFileType = folder.assetcatalog; path = Assets.xcassets; sourceTree = "<group>"; };
		7B65ABFC1BDB380000024117 /* Base */ = {isa = PBXFileReference; lastKnownFileType = file.storyboard; name = Base; path = Base.lproj/LaunchScreen.storyboard; sourceTree = "<group>"; };
		7B65ABFE1BDB380000024117 /* Info.plist */ = {isa = PBXFileReference; lastKnownFileType = text.plist.xml; path = Info.plist; sourceTree = "<group>"; };
		7B65AC031BDB380000024117 /* 1024Tests.xctest */ = {isa = PBXFileReference; explicitFileType = wrapper.cfbundle; includeInIndex = 0; path = 1024Tests.xctest; sourceTree = BUILT_PRODUCTS_DIR; };
		7B65AC071BDB380000024117 /* _024Tests.swift */ = {isa = PBXFileReference; lastKnownFileType = sourcecode.swift; path = _024Tests.swift; sourceTree = "<group>"; };
		7B65AC091BDB380000024117 /* Info.plist */ = {isa = PBXFileReference; lastKnownFileType = text.plist.xml; path = Info.plist; sourceTree = "<group>"; };
		7B65AC0E1BDB380000024117 /* 1024UITests.xctest */ = {isa = PBXFileReference; explicitFileType = wrapper.cfbundle; includeInIndex = 0; path = 1024UITests.xctest; sourceTree = BUILT_PRODUCTS_DIR; };
		7B65AC121BDB380000024117 /* _024UITests.swift */ = {isa = PBXFileReference; lastKnownFileType = sourcecode.swift; path = _024UITests.swift; sourceTree = "<group>"; };
		7B65AC141BDB380000024117 /* Info.plist */ = {isa = PBXFileReference; lastKnownFileType = text.plist.xml; path = Info.plist; sourceTree = "<group>"; };
/* End PBXFileReference section */

/* Begin PBXFrameworksBuildPhase section */
		7B65ABEC1BDB380000024117 /* Frameworks */ = {
			isa = PBXFrameworksBuildPhase;
			buildActionMask = 2147483647;
			files = (
			);
			runOnlyForDeploymentPostprocessing = 0;
		};
		7B65AC001BDB380000024117 /* Frameworks */ = {
			isa = PBXFrameworksBuildPhase;
			buildActionMask = 2147483647;
			files = (
			);
			runOnlyForDeploymentPostprocessing = 0;
		};
		7B65AC0B1BDB380000024117 /* Frameworks */ = {
			isa = PBXFrameworksBuildPhase;
			buildActionMask = 2147483647;
			files = (
			);
			runOnlyForDeploymentPostprocessing = 0;
		};
/* End PBXFrameworksBuildPhase section */

/* Begin PBXGroup section */
		7B65ABE61BDB380000024117 = {
			isa = PBXGroup;
			children = (
				7B65ABF11BDB380000024117 /* 1024 */,
				7B65AC061BDB380000024117 /* 1024Tests */,
				7B65AC111BDB380000024117 /* 1024UITests */,
				7B65ABF01BDB380000024117 /* Products */,
			);
			sourceTree = "<group>";
		};
		7B65ABF01BDB380000024117 /* Products */ = {
			isa = PBXGroup;
			children = (
				7B65ABEF1BDB380000024117 /* 1024.app */,
				7B65AC031BDB380000024117 /* 1024Tests.xctest */,
				7B65AC0E1BDB380000024117 /* 1024UITests.xctest */,
			);
			name = Products;
			sourceTree = "<group>";
		};
		7B65ABF11BDB380000024117 /* 1024 */ = {
			isa = PBXGroup;
			children = (
				7B65ABF21BDB380000024117 /* AppDelegate.swift */,
				7B65ABF41BDB380000024117 /* ViewController.swift */,
				7B65ABF61BDB380000024117 /* Main.storyboard */,
				7B65ABF91BDB380000024117 /* Assets.xcassets */,
				7B65ABFB1BDB380000024117 /* LaunchScreen.storyboard */,
				7B65ABFE1BDB380000024117 /* Info.plist */,
			);
			path = 1024;
			sourceTree = "<group>";
		};
		7B65AC061BDB380000024117 /* 1024Tests */ = {
			isa = PBXGroup;
			children = (
				7B65AC071BDB380000024117 /* _024Tests.swift */,
				7B65AC091BDB380000024117 /* Info.plist */,
			);
			path = 1024Tests;
			sourceTree = "<group>";
		};
		7B65AC111BDB380000024117 /* 1024UITests */ = {
			isa = PBXGroup;
			children = (
				7B65AC121BDB380000024117 /* _024UITests.swift */,
				7B65AC141BDB380000024117 /* Info.plist */,
			);
			path = 1024UITests;
			sourceTree = "<group>";
		};
/* End PBXGroup section */

/* Begin PBXNativeTarget section */
		7B65ABEE1BDB380000024117 /* 1024 */ = {
			isa = PBXNativeTarget;
			buildConfigurationList = 7B65AC171BDB380000024117 /* Build configuration list for PBXNativeTarget "1024" */;
			buildPhases = (
				7B65ABEB1BDB380000024117 /* Sources */,
				7B65ABEC1BDB380000024117 /* Frameworks */,
				7B65ABED1BDB380000024117 /* Resources */,
			);
			buildRules = (
			);
			dependencies = (
			);
			name = 1024;
			productName = 1024;
			productReference = 7B65ABEF1BDB380000024117 /* 1024.app */;
			productType = "com.apple.product-type.application";
		};
		7B65AC021BDB380000024117 /* 1024Tests */ = {
			isa = PBXNativeTarget;
			buildConfigurationList = 7B65AC1A1BDB380000024117 /* Build configuration list for PBXNativeTarget "1024Tests" */;
			buildPhases = (
				7B65ABFF1BDB380000024117 /* Sources */,
				7B65AC001BDB380000024117 /* Frameworks */,
				7B65AC011BDB380000024117 /* Resources */,
			);
			buildRules = (
			);
			dependencies = (
				7B65AC051BDB380000024117 /* PBXTargetDependency */,
			);
			name = 1024Tests;
			productName = 1024Tests;
			productReference = 7B65AC031BDB380000024117 /* 1024Tests.xctest */;
			productType = "com.apple.product-type.bundle.unit-test";
		};
		7B65AC0D1BDB380000024117 /* 1024UITests */ = {
			isa = PBXNativeTarget;
			buildConfigurationList = 7B65AC1D1BDB380000024117 /* Build configuration list for PBXNativeTarget "1024UITests" */;
			buildPhases = (
				7B65AC0A1BDB380000024117 /* Sources */,
				7B65AC0B1BDB380000024117 /* Frameworks */,
				7B65AC0C1BDB380000024117 /* Resources */,
			);
			buildRules = (
			);
			dependencies = (
				7B65AC101BDB380000024117 /* PBXTargetDependency */,
			);
			name = 1024UITests;
			productName = 1024UITests;
			productReference = 7B65AC0E1BDB380000024117 /* 1024UITests.xctest */;
			productType = "com.apple.product-type.bundle.ui-testing";
		};
/* End PBXNativeTarget section */

/* Begin PBXProject section */
		7B65ABE71BDB380000024117 /* Project object */ = {
			isa = PBXProject;
			attributes = {
				LastUpgradeCheck = 0700;
				ORGANIZATIONNAME = "刘旭东";
				TargetAttributes = {
					7B65ABEE1BDB380000024117 = {
						CreatedOnToolsVersion = 7.0.1;
					};
					7B65AC021BDB380000024117 = {
						CreatedOnToolsVersion = 7.0.1;
						TestTargetID = 7B65ABEE1BDB380000024117;
					};
					7B65AC0D1BDB380000024117 = {
						CreatedOnToolsVersion = 7.0.1;
						TestTargetID = 7B65ABEE1BDB380000024117;
					};
				};
			};
			buildConfigurationList = 7B65ABEA1BDB380000024117 /* Build configuration list for PBXProject "1024" */;
			compatibilityVersion = "Xcode 3.2";
			developmentRegion = English;
			hasScannedForEncodings = 0;
			knownRegions = (
				en,
				Base,
			);
			mainGroup = 7B65ABE61BDB380000024117;
			productRefGroup = 7B65ABF01BDB380000024117 /* Products */;
			projectDirPath = "";
			projectRoot = "";
			targets = (
				7B65ABEE1BDB380000024117 /* 1024 */,
				7B65AC021BDB380000024117 /* 1024Tests */,
				7B65AC0D1BDB380000024117 /* 1024UITests */,
			);
		};
/* End PBXProject section */

/* Begin PBXResourcesBuildPhase section */
		7B65ABED1BDB380000024117 /* Resources */ = {
			isa = PBXResourcesBuildPhase;
			buildActionMask = 2147483647;
			files = (
				7B65ABFD1BDB380000024117 /* LaunchScreen.storyboard in Resources */,
				7B65ABFA1BDB380000024117 /* Assets.xcassets in Resources */,
				7B65ABF81BDB380000024117 /* Main.storyboard in Resources */,
			);
			runOnlyForDeploymentPostprocessing = 0;
		};
		7B65AC011BDB380000024117 /* Resources */ = {
			isa = PBXResourcesBuildPhase;
			buildActionMask = 2147483647;
			files = (
			);
			runOnlyForDeploymentPostprocessing = 0;
		};
		7B65AC0C1BDB380000024117 /* Resources */ = {
			isa = PBXResourcesBuildPhase;
			buildActionMask = 2147483647;
			files = (
			);
			runOnlyForDeploymentPostprocessing = 0;
		};
/* End PBXResourcesBuildPhase section */

/* Begin PBXSourcesBuildPhase section */
		7B65ABEB1BDB380000024117 /* Sources */ = {
			isa = PBXSourcesBuildPhase;
			buildActionMask = 2147483647;
			files = (
				7B65ABF51BDB380000024117 /* ViewController.swift in Sources */,
				7B65ABF31BDB380000024117 /* AppDelegate.swift in Sources */,
			);
			runOnlyForDeploymentPostprocessing = 0;
		};
		7B65ABFF1BDB380000024117 /* Sources */ = {
			isa = PBXSourcesBuildPhase;
			buildActionMask = 2147483647;
			files = (
				7B65AC081BDB380000024117 /* _024Tests.swift in Sources */,
			);
			runOnlyForDeploymentPostprocessing = 0;
		};
		7B65AC0A1BDB380000024117 /* Sources */ = {
			isa = PBXSourcesBuildPhase;
			buildActionMask = 2147483647;
			files = (
				7B65AC131BDB380000024117 /* _024UITests.swift in Sources */,
			);
			runOnlyForDeploymentPostprocessing = 0;
		};
/* End PBXSourcesBuildPhase section */

/* Begin PBXTargetDependency section */
		7B65AC051BDB380000024117 /* PBXTargetDependency */ = {
			isa = PBXTargetDependency;
			target = 7B65ABEE1BDB380000024117 /* 1024 */;
			targetProxy = 7B65AC041BDB380000024117 /* PBXContainerItemProxy */;
		};
		7B65AC101BDB380000024117 /* PBXTargetDependency */ = {
			isa = PBXTargetDependency;
			target = 7B65ABEE1BDB380000024117 /* 1024 */;
			targetProxy = 7B65AC0F1BDB380000024117 /* PBXContainerItemProxy */;
		};
/* End PBXTargetDependency section */

/* Begin PBXVariantGroup section */
		7B65ABF61BDB380000024117 /* Main.storyboard */ = {
			isa = PBXVariantGroup;
			children = (
				7B65ABF71BDB380000024117 /* Base */,
			);
			name = Main.storyboard;
			sourceTree = "<group>";
		};
		7B65ABFB1BDB380000024117 /* LaunchScreen.storyboard */ = {
			isa = PBXVariantGroup;
			children = (
				7B65ABFC1BDB380000024117 /* Base */,
			);
			name = LaunchScreen.storyboard;
			sourceTree = "<group>";
		};
/* End PBXVariantGroup section */

/* Begin XCBuildConfiguration section */
		7B65AC151BDB380000024117 /* Debug */ = {
			isa = XCBuildConfiguration;
			buildSettings = {
				ALWAYS_SEARCH_USER_PATHS = NO;
				CLANG_CXX_LANGUAGE_STANDARD = "gnu++0x";
				CLANG_CXX_LIBRARY = "libc++";
				CLANG_ENABLE_MODULES = YES;
				CLANG_ENABLE_OBJC_ARC = YES;
				CLANG_WARN_BOOL_CONVERSION = YES;
				CLANG_WARN_CONSTANT_CONVERSION = YES;
				CLANG_WARN_DIRECT_OBJC_ISA_USAGE = YES_ERROR;
				CLANG_WARN_EMPTY_BODY = YES;
				CLANG_WARN_ENUM_CONVERSION = YES;
				CLANG_WARN_INT_CONVERSION = YES;
				CLANG_WARN_OBJC_ROOT_CLASS = YES_ERROR;
				CLANG_WARN_UNREACHABLE_CODE = YES;
				CLANG_WARN__DUPLICATE_METHOD_MATCH = YES;
				"CODE_SIGN_IDENTITY[sdk=iphoneos*]" = "iPhone Developer";
				COPY_PHASE_STRIP = NO;
				DEBUG_INFORMATION_FORMAT = dwarf;
				ENABLE_STRICT_OBJC_MSGSEND = YES;
				ENABLE_TESTABILITY = YES;
				GCC_C_LANGUAGE_STANDARD = gnu99;
				GCC_DYNAMIC_NO_PIC = NO;
				GCC_NO_COMMON_BLOCKS = YES;
				GCC_OPTIMIZATION_LEVEL = 0;
				GCC_PREPROCESSOR_DEFINITIONS = (
					"DEBUG=1",
					"$(inherited)",
				);
				GCC_WARN_64_TO_32_BIT_CONVERSION = YES;
				GCC_WARN_ABOUT_RETURN_TYPE = YES_ERROR;
				GCC_WARN_UNDECLARED_SELECTOR = YES;
				GCC_WARN_UNINITIALIZED_AUTOS = YES_AGGRESSIVE;
				GCC_WARN_UNUSED_FUNCTION = YES;
				GCC_WARN_UNUSED_VARIABLE = YES;
				IPHONEOS_DEPLOYMENT_TARGET = 9.0;
				MTL_ENABLE_DEBUG_INFO = YES;
				ONLY_ACTIVE_ARCH = YES;
				SDKROOT = iphoneos;
				SWIFT_OPTIMIZATION_LEVEL = "-Onone";
				TARGETED_DEVICE_FAMILY = "1,2";
			};
			name = Debug;
		};
		7B65AC161BDB380000024117 /* Release */ = {
			isa = XCBuildConfiguration;
			buildSettings = {
				ALWAYS_SEARCH_USER_PATHS = NO;
				CLANG_CXX_LANGUAGE_STANDARD = "gnu++0x";
				CLANG_CXX_LIBRARY = "libc++";
				CLANG_ENABLE_MODULES = YES;
				CLANG_ENABLE_OBJC_ARC = YES;
				CLANG_WARN_BOOL_CONVERSION = YES;
				CLANG_WARN_CONSTANT_CONVERSION = YES;
				CLANG_WARN_DIRECT_OBJC_ISA_USAGE = YES_ERROR;
				CLANG_WARN_EMPTY_BODY = YES;
				CLANG_WARN_ENUM_CONVERSION = YES;
				CLANG_WARN_INT_CONVERSION = YES;
				CLANG_WARN_OBJC_ROOT_CLASS = YES_ERROR;
				CLANG_WARN_UNREACHABLE_CODE = YES;
				CLANG_WARN__DUPLICATE_METHOD_MATCH = YES;
				"CODE_SIGN_IDENTITY[sdk=iphoneos*]" = "iPhone Developer";
				COPY_PHASE_STRIP = NO;
				DEBUG_INFORMATION_FORMAT = "dwarf-with-dsym";
				ENABLE_NS_ASSERTIONS = NO;
				ENABLE_STRICT_OBJC_MSGSEND = YES;
				GCC_C_LANGUAGE_STANDARD = gnu99;
				GCC_NO_COMMON_BLOCKS = YES;
				GCC_WARN_64_TO_32_BIT_CONVERSION = YES;
				GCC_WARN_ABOUT_RETURN_TYPE = YES_ERROR;
				GCC_WARN_UNDECLARED_SELECTOR = YES;
				GCC_WARN_UNINITIALIZED_AUTOS = YES_AGGRESSIVE;
				GCC_WARN_UNUSED_FUNCTION = YES;
				GCC_WARN_UNUSED_VARIABLE = YES;
				IPHONEOS_DEPLOYMENT_TARGET = 9.0;
				MTL_ENABLE_DEBUG_INFO = NO;
				SDKROOT = iphoneos;
				TARGETED_DEVICE_FAMILY = "1,2";
				VALIDATE_PRODUCT = YES;
			};
			name = Release;
		};
		7B65AC181BDB380000024117 /* Debug */ = {
			isa = XCBuildConfiguration;
			buildSettings = {
				ASSETCATALOG_COMPILER_APPICON_NAME = AppIcon;
				INFOPLIST_FILE = 1024/Info.plist;
				LD_RUNPATH_SEARCH_PATHS = "$(inherited) @executable_path/Frameworks";
				PRODUCT_BUNDLE_IDENTIFIER = "com.bigbilityliu.-024";
				PRODUCT_NAME = "$(TARGET_NAME)";
			};
			name = Debug;
		};
		7B65AC191BDB380000024117 /* Release */ = {
			isa = XCBuildConfiguration;
			buildSettings = {
				ASSETCATALOG_COMPILER_APPICON_NAME = AppIcon;
				INFOPLIST_FILE = 1024/Info.plist;
				LD_RUNPATH_SEARCH_PATHS = "$(inherited) @executable_path/Frameworks";
				PRODUCT_BUNDLE_IDENTIFIER = "com.bigbilityliu.-024";
				PRODUCT_NAME = "$(TARGET_NAME)";
			};
			name = Release;
		};
		7B65AC1B1BDB380000024117 /* Debug */ = {
			isa = XCBuildConfiguration;
			buildSettings = {
				BUNDLE_LOADER = "$(TEST_HOST)";
				INFOPLIST_FILE = 1024Tests/Info.plist;
				LD_RUNPATH_SEARCH_PATHS = "$(inherited) @executable_path/Frameworks @loader_path/Frameworks";
				PRODUCT_BUNDLE_IDENTIFIER = "com.bigbilityliu.-024Tests";
				PRODUCT_NAME = "$(TARGET_NAME)";
				TEST_HOST = "$(BUILT_PRODUCTS_DIR)/1024.app/1024";
			};
			name = Debug;
		};
		7B65AC1C1BDB380000024117 /* Release */ = {
			isa = XCBuildConfiguration;
			buildSettings = {
				BUNDLE_LOADER = "$(TEST_HOST)";
				INFOPLIST_FILE = 1024Tests/Info.plist;
				LD_RUNPATH_SEARCH_PATHS = "$(inherited) @executable_path/Frameworks @loader_path/Frameworks";
				PRODUCT_BUNDLE_IDENTIFIER = "com.bigbilityliu.-024Tests";
				PRODUCT_NAME = "$(TARGET_NAME)";
				TEST_HOST = "$(BUILT_PRODUCTS_DIR)/1024.app/1024";
			};
			name = Release;
		};
		7B65AC1E1BDB380000024117 /* Debug */ = {
			isa = XCBuildConfiguration;
			buildSettings = {
				INFOPLIST_FILE = 1024UITests/Info.plist;
				LD_RUNPATH_SEARCH_PATHS = "$(inherited) @executable_path/Frameworks @loader_path/Frameworks";
				PRODUCT_BUNDLE_IDENTIFIER = "com.bigbilityliu.-024UITests";
				PRODUCT_NAME = "$(TARGET_NAME)";
				TEST_TARGET_NAME = 1024;
				USES_XCTRUNNER = YES;
			};
			name = Debug;
		};
		7B65AC1F1BDB380000024117 /* Release */ = {
			isa = XCBuildConfiguration;
			buildSettings = {
				INFOPLIST_FILE = 1024UITests/Info.plist;
				LD_RUNPATH_SEARCH_PATHS = "$(inherited) @executable_path/Frameworks @loader_path/Frameworks";
				PRODUCT_BUNDLE_IDENTIFIER = "com.bigbilityliu.-024UITests";
				PRODUCT_NAME = "$(TARGET_NAME)";
				TEST_TARGET_NAME = 1024;
				USES_XCTRUNNER = YES;
			};
			name = Release;
		};
/* End XCBuildConfiguration section */

/* Begin XCConfigurationList section */
		7B65ABEA1BDB380000024117 /* Build configuration list for PBXProject "1024" */ = {
			isa = XCConfigurationList;
			buildConfigurations = (
				7B65AC151BDB380000024117 /* Debug */,
				7B65AC161BDB380000024117 /* Release */,
			);
			defaultConfigurationIsVisible = 0;
			defaultConfigurationName = Release;
		};
		7B65AC171BDB380000024117 /* Build configuration list for PBXNativeTarget "1024" */ = {
			isa = XCConfigurationList;
			buildConfigurations = (
				7B65AC181BDB380000024117 /* Debug */,
				7B65AC191BDB380000024117 /* Release */,
			);
			defaultConfigurationIsVisible = 0;
		};
		7B65AC1A1BDB380000024117 /* Build configuration list for PBXNativeTarget "1024Tests" */ = {
			isa = XCConfigurationList;
			buildConfigurations = (
				7B65AC1B1BDB380000024117 /* Debug */,
				7B65AC1C1BDB380000024117 /* Release */,
			);
			defaultConfigurationIsVisible = 0;
		};
		7B65AC1D1BDB380000024117 /* Build configuration list for PBXNativeTarget "1024UITests" */ = {
			isa = XCConfigurationList;
			buildConfigurations = (
				7B65AC1E1BDB380000024117 /* Debug */,
				7B65AC1F1BDB380000024117 /* Release */,
			);
			defaultConfigurationIsVisible = 0;
		};
/* End XCConfigurationList section */
	};
	rootObject = 7B65ABE71BDB380000024117 /* Project object */;
}
