// !$*UTF8*$!
{
	archiveVersion = 1;
	classes = {
	};
	objectVersion = 46;
	objects = {

/* Begin PBXBuildFile section */
		7B4AFE451BFCBF1C0081F8ED /* AppDelegate.swift in Sources */ = {isa = PBXBuildFile; fileRef = 7B4AFE441BFCBF1C0081F8ED /* AppDelegate.swift */; };
		7B4AFE471BFCBF1C0081F8ED /* ViewController.swift in Sources */ = {isa = PBXBuildFile; fileRef = 7B4AFE461BFCBF1C0081F8ED /* ViewController.swift */; };
		7B4AFE4A1BFCBF1C0081F8ED /* Main.storyboard in Resources */ = {isa = PBXBuildFile; fileRef = 7B4AFE481BFCBF1C0081F8ED /* Main.storyboard */; };
		7B4AFE4C1BFCBF1C0081F8ED /* Assets.xcassets in Resources */ = {isa = PBXBuildFile; fileRef = 7B4AFE4B1BFCBF1C0081F8ED /* Assets.xcassets */; };
		7B4AFE4F1BFCBF1C0081F8ED /* LaunchScreen.storyboard in Resources */ = {isa = PBXBuildFile; fileRef = 7B4AFE4D1BFCBF1C0081F8ED /* LaunchScreen.storyboard */; };
/* End PBXBuildFile section */

/* Begin PBXFileReference section */
		7B4AFE411BFCBF1C0081F8ED /* UITextField.app */ = {isa = PBXFileReference; explicitFileType = wrapper.application; includeInIndex = 0; path = UITextField.app; sourceTree = BUILT_PRODUCTS_DIR; };
		7B4AFE441BFCBF1C0081F8ED /* AppDelegate.swift */ = {isa = PBXFileReference; lastKnownFileType = sourcecode.swift; path = AppDelegate.swift; sourceTree = "<group>"; };
		7B4AFE461BFCBF1C0081F8ED /* ViewController.swift */ = {isa = PBXFileReference; lastKnownFileType = sourcecode.swift; path = ViewController.swift; sourceTree = "<group>"; };
		7B4AFE491BFCBF1C0081F8ED /* Base */ = {isa = PBXFileReference; lastKnownFileType = file.storyboard; name = Base; path = Base.lproj/Main.storyboard; sourceTree = "<group>"; };
		7B4AFE4B1BFCBF1C0081F8ED /* Assets.xcassets */ = {isa = PBXFileReference; lastKnownFileType = folder.assetcatalog; path = Assets.xcassets; sourceTree = "<group>"; };
		7B4AFE4E1BFCBF1C0081F8ED /* Base */ = {isa = PBXFileReference; lastKnownFileType = file.storyboard; name = Base; path = Base.lproj/LaunchScreen.storyboard; sourceTree = "<group>"; };
		7B4AFE501BFCBF1C0081F8ED /* Info.plist */ = {isa = PBXFileReference; lastKnownFileType = text.plist.xml; path = Info.plist; sourceTree = "<group>"; };
/* End PBXFileReference section */

/* Begin PBXFrameworksBuildPhase section */
		7B4AFE3E1BFCBF1C0081F8ED /* Frameworks */ = {
			isa = PBXFrameworksBuildPhase;
			buildActionMask = 2147483647;
			files = (
			);
			runOnlyForDeploymentPostprocessing = 0;
		};
/* End PBXFrameworksBuildPhase section */

/* Begin PBXGroup section */
		7B4AFE381BFCBF1C0081F8ED = {
			isa = PBXGroup;
			children = (
				7B4AFE431BFCBF1C0081F8ED /* UITextField */,
				7B4AFE421BFCBF1C0081F8ED /* Products */,
			);
			sourceTree = "<group>";
		};
		7B4AFE421BFCBF1C0081F8ED /* Products */ = {
			isa = PBXGroup;
			children = (
				7B4AFE411BFCBF1C0081F8ED /* UITextField.app */,
			);
			name = Products;
			sourceTree = "<group>";
		};
		7B4AFE431BFCBF1C0081F8ED /* UITextField */ = {
			isa = PBXGroup;
			children = (
				7B4AFE441BFCBF1C0081F8ED /* AppDelegate.swift */,
				7B4AFE461BFCBF1C0081F8ED /* ViewController.swift */,
				7B4AFE481BFCBF1C0081F8ED /* Main.storyboard */,
				7B4AFE4B1BFCBF1C0081F8ED /* Assets.xcassets */,
				7B4AFE4D1BFCBF1C0081F8ED /* LaunchScreen.storyboard */,
				7B4AFE501BFCBF1C0081F8ED /* Info.plist */,
			);
			path = UITextField;
			sourceTree = "<group>";
		};
/* End PBXGroup section */

/* Begin PBXNativeTarget section */
		7B4AFE401BFCBF1C0081F8ED /* UITextField */ = {
			isa = PBXNativeTarget;
			buildConfigurationList = 7B4AFE531BFCBF1C0081F8ED /* Build configuration list for PBXNativeTarget "UITextField" */;
			buildPhases = (
				7B4AFE3D1BFCBF1C0081F8ED /* Sources */,
				7B4AFE3E1BFCBF1C0081F8ED /* Frameworks */,
				7B4AFE3F1BFCBF1C0081F8ED /* Resources */,
			);
			buildRules = (
			);
			dependencies = (
			);
			name = UITextField;
			productName = UITextField;
			productReference = 7B4AFE411BFCBF1C0081F8ED /* UITextField.app */;
			productType = "com.apple.product-type.application";
		};
/* End PBXNativeTarget section */

/* Begin PBXProject section */
		7B4AFE391BFCBF1C0081F8ED /* Project object */ = {
			isa = PBXProject;
			attributes = {
				LastSwiftUpdateCheck = 0710;
				LastUpgradeCheck = 0710;
				ORGANIZATIONNAME = "刘旭东";
				TargetAttributes = {
					7B4AFE401BFCBF1C0081F8ED = {
						CreatedOnToolsVersion = 7.1;
					};
				};
			};
			buildConfigurationList = 7B4AFE3C1BFCBF1C0081F8ED /* Build configuration list for PBXProject "UITextField" */;
			compatibilityVersion = "Xcode 3.2";
			developmentRegion = English;
			hasScannedForEncodings = 0;
			knownRegions = (
				en,
				Base,
			);
			mainGroup = 7B4AFE381BFCBF1C0081F8ED;
			productRefGroup = 7B4AFE421BFCBF1C0081F8ED /* Products */;
			projectDirPath = "";
			projectRoot = "";
			targets = (
				7B4AFE401BFCBF1C0081F8ED /* UITextField */,
			);
		};
/* End PBXProject section */

/* Begin PBXResourcesBuildPhase section */
		7B4AFE3F1BFCBF1C0081F8ED /* Resources */ = {
			isa = PBXResourcesBuildPhase;
			buildActionMask = 2147483647;
			files = (
				7B4AFE4F1BFCBF1C0081F8ED /* LaunchScreen.storyboard in Resources */,
				7B4AFE4C1BFCBF1C0081F8ED /* Assets.xcassets in Resources */,
				7B4AFE4A1BFCBF1C0081F8ED /* Main.storyboard in Resources */,
			);
			runOnlyForDeploymentPostprocessing = 0;
		};
/* End PBXResourcesBuildPhase section */

/* Begin PBXSourcesBuildPhase section */
		7B4AFE3D1BFCBF1C0081F8ED /* Sources */ = {
			isa = PBXSourcesBuildPhase;
			buildActionMask = 2147483647;
			files = (
				7B4AFE471BFCBF1C0081F8ED /* ViewController.swift in Sources */,
				7B4AFE451BFCBF1C0081F8ED /* AppDelegate.swift in Sources */,
			);
			runOnlyForDeploymentPostprocessing = 0;
		};
/* End PBXSourcesBuildPhase section */

/* Begin PBXVariantGroup section */
		7B4AFE481BFCBF1C0081F8ED /* Main.storyboard */ = {
			isa = PBXVariantGroup;
			children = (
				7B4AFE491BFCBF1C0081F8ED /* Base */,
			);
			name = Main.storyboard;
			sourceTree = "<group>";
		};
		7B4AFE4D1BFCBF1C0081F8ED /* LaunchScreen.storyboard */ = {
			isa = PBXVariantGroup;
			children = (
				7B4AFE4E1BFCBF1C0081F8ED /* Base */,
			);
			name = LaunchScreen.storyboard;
			sourceTree = "<group>";
		};
/* End PBXVariantGroup section */

/* Begin XCBuildConfiguration section */
		7B4AFE511BFCBF1C0081F8ED /* Debug */ = {
			isa = XCBuildConfiguration;
			buildSettings = {
				ALWAYS_SEARCH_USER_PATHS = NO;
				CLANG_CXX_LANGUAGE_STANDARD = "gnu++0x";
				CLANG_CXX_LIBRARY = "libc++";
				CLANG_ENABLE_MODULES = YES;
				CLANG_ENABLE_OBJC_ARC = YES;
				CLANG_WARN_BOOL_CONVERSION = YES;
				CLANG_WARN_CONSTANT_CONVERSION = YES;
				CLANG_WARN_DIRECT_OBJC_ISA_USAGE = YES_ERROR;
				CLANG_WARN_EMPTY_BODY = YES;
				CLANG_WARN_ENUM_CONVERSION = YES;
				CLANG_WARN_INT_CONVERSION = YES;
				CLANG_WARN_OBJC_ROOT_CLASS = YES_ERROR;
				CLANG_WARN_UNREACHABLE_CODE = YES;
				CLANG_WARN__DUPLICATE_METHOD_MATCH = YES;
				"CODE_SIGN_IDENTITY[sdk=iphoneos*]" = "iPhone Developer";
				COPY_PHASE_STRIP = NO;
				DEBUG_INFORMATION_FORMAT = dwarf;
				ENABLE_STRICT_OBJC_MSGSEND = YES;
				ENABLE_TESTABILITY = YES;
				GCC_C_LANGUAGE_STANDARD = gnu99;
				GCC_DYNAMIC_NO_PIC = NO;
				GCC_NO_COMMON_BLOCKS = YES;
				GCC_OPTIMIZATION_LEVEL = 0;
				GCC_PREPROCESSOR_DEFINITIONS = (
					"DEBUG=1",
					"$(inherited)",
				);
				GCC_WARN_64_TO_32_BIT_CONVERSION = YES;
				GCC_WARN_ABOUT_RETURN_TYPE = YES_ERROR;
				GCC_WARN_UNDECLARED_SELECTOR = YES;
				GCC_WARN_UNINITIALIZED_AUTOS = YES_AGGRESSIVE;
				GCC_WARN_UNUSED_FUNCTION = YES;
				GCC_WARN_UNUSED_VARIABLE = YES;
				IPHONEOS_DEPLOYMENT_TARGET = 9.1;
				MTL_ENABLE_DEBUG_INFO = YES;
				ONLY_ACTIVE_ARCH = YES;
				SDKROOT = iphoneos;
				SWIFT_OPTIMIZATION_LEVEL = "-Onone";
				TARGETED_DEVICE_FAMILY = "1,2";
			};
			name = Debug;
		};
		7B4AFE521BFCBF1C0081F8ED /* Release */ = {
			isa = XCBuildConfiguration;
			buildSettings = {
				ALWAYS_SEARCH_USER_PATHS = NO;
				CLANG_CXX_LANGUAGE_STANDARD = "gnu++0x";
				CLANG_CXX_LIBRARY = "libc++";
				CLANG_ENABLE_MODULES = YES;
				CLANG_ENABLE_OBJC_ARC = YES;
				CLANG_WARN_BOOL_CONVERSION = YES;
				CLANG_WARN_CONSTANT_CONVERSION = YES;
				CLANG_WARN_DIRECT_OBJC_ISA_USAGE = YES_ERROR;
				CLANG_WARN_EMPTY_BODY = YES;
				CLANG_WARN_ENUM_CONVERSION = YES;
				CLANG_WARN_INT_CONVERSION = YES;
				CLANG_WARN_OBJC_ROOT_CLASS = YES_ERROR;
				CLANG_WARN_UNREACHABLE_CODE = YES;
				CLANG_WARN__DUPLICATE_METHOD_MATCH = YES;
				"CODE_SIGN_IDENTITY[sdk=iphoneos*]" = "iPhone Developer";
				COPY_PHASE_STRIP = NO;
				DEBUG_INFORMATION_FORMAT = "dwarf-with-dsym";
				ENABLE_NS_ASSERTIONS = NO;
				ENABLE_STRICT_OBJC_MSGSEND = YES;
				GCC_C_LANGUAGE_STANDARD = gnu99;
				GCC_NO_COMMON_BLOCKS = YES;
				GCC_WARN_64_TO_32_BIT_CONVERSION = YES;
				GCC_WARN_ABOUT_RETURN_TYPE = YES_ERROR;
				GCC_WARN_UNDECLARED_SELECTOR = YES;
				GCC_WARN_UNINITIALIZED_AUTOS = YES_AGGRESSIVE;
				GCC_WARN_UNUSED_FUNCTION = YES;
				GCC_WARN_UNUSED_VARIABLE = YES;
				IPHONEOS_DEPLOYMENT_TARGET = 9.1;
				MTL_ENABLE_DEBUG_INFO = NO;
				SDKROOT = iphoneos;
				TARGETED_DEVICE_FAMILY = "1,2";
				VALIDATE_PRODUCT = YES;
			};
			name = Release;
		};
		7B4AFE541BFCBF1C0081F8ED /* Debug */ = {
			isa = XCBuildConfiguration;
			buildSettings = {
				ASSETCATALOG_COMPILER_APPICON_NAME = AppIcon;
				INFOPLIST_FILE = UITextField/Info.plist;
				LD_RUNPATH_SEARCH_PATHS = "$(inherited) @executable_path/Frameworks";
				PRODUCT_BUNDLE_IDENTIFIER = com.bigbilityliu.UITextField;
				PRODUCT_NAME = "$(TARGET_NAME)";
			};
			name = Debug;
		};
		7B4AFE551BFCBF1C0081F8ED /* Release */ = {
			isa = XCBuildConfiguration;
			buildSettings = {
				ASSETCATALOG_COMPILER_APPICON_NAME = AppIcon;
				INFOPLIST_FILE = UITextField/Info.plist;
				LD_RUNPATH_SEARCH_PATHS = "$(inherited) @executable_path/Frameworks";
				PRODUCT_BUNDLE_IDENTIFIER = com.bigbilityliu.UITextField;
				PRODUCT_NAME = "$(TARGET_NAME)";
			};
			name = Release;
		};
/* End XCBuildConfiguration section */

/* Begin XCConfigurationList section */
		7B4AFE3C1BFCBF1C0081F8ED /* Build configuration list for PBXProject "UITextField" */ = {
			isa = XCConfigurationList;
			buildConfigurations = (
				7B4AFE511BFCBF1C0081F8ED /* Debug */,
				7B4AFE521BFCBF1C0081F8ED /* Release */,
			);
			defaultConfigurationIsVisible = 0;
			defaultConfigurationName = Release;
		};
		7B4AFE531BFCBF1C0081F8ED /* Build configuration list for PBXNativeTarget "UITextField" */ = {
			isa = XCConfigurationList;
			buildConfigurations = (
				7B4AFE541BFCBF1C0081F8ED /* Debug */,
				7B4AFE551BFCBF1C0081F8ED /* Release */,
			);
			defaultConfigurationIsVisible = 0;
		};
/* End XCConfigurationList section */
	};
	rootObject = 7B4AFE391BFCBF1C0081F8ED /* Project object */;
}
